
Microsoft Visual Studio Solution File, Format Version 12.00
# Visual Studio 15
VisualStudioVersion = 15.0.27703.2047
MinimumVisualStudioVersion = 10.0.40219.1
Project("{FAE04EC0-301F-11D3-BF4B-00C04F79EFBC}") = "Basics", "Basics\Basics.csproj", "{D403F426-373D-4F73-B49E-A18F3DDC5DB9}"
EndProject
Global
	GlobalSection(SolutionConfigurationPlatforms) = preSolution
		Debug|Any CPU = Debug|Any CPU
		Release|Any CPU = Release|Any CPU
	EndGlobalSection
	GlobalSection(ProjectConfigurationPlatforms) = postSolution
		{D403F426-373D-4F73-B49E-A18F3DDC5DB9}.Debug|Any CPU.ActiveCfg = Debug|Any CPU
		{D403F426-373D-4F73-B49E-A18F3DDC5DB9}.Debug|Any CPU.Build.0 = Debug|Any CPU
		{D403F426-373D-4F73-B49E-A18F3DDC5DB9}.Release|Any CPU.ActiveCfg = Release|Any CPU
		{D403F426-373D-4F73-B49E-A18F3DDC5DB9}.Release|Any CPU.Build.0 = Release|Any CPU
	EndGlobalSection
	GlobalSection(SolutionProperties) = preSolution
		HideSolutionNode = FALSE
	EndGlobalSection
	GlobalSection(ExtensibilityGlobals) = postSolution
		SolutionGuid = {67D168A4-7E83-49BD-A296-0090E78CCFBC}
	EndGlobalSection
EndGlobal
